PODS:
  - Alamofire (5.4.4)
  - Giphy (2.1.22):
    - libwebp
  - IPtProxy (3.3.0)
  - libwebp (1.2.3):
    - libwebp/demux (= 1.2.3)
    - libwebp/mux (= 1.2.3)
    - libwebp/webp (= 1.2.3)
  - libwebp/demux (1.2.3):
    - libwebp/webp
  - libwebp/mux (1.2.3):
    - libwebp/demux
  - libwebp/webp (1.2.3)
  - lottie-ios (3.2.3)
  - ReachabilitySwift (5.0.0)
  - Sentry (8.14.2):
    - Sentry/Core (= 8.14.2)
    - SentryPrivate (= 8.14.2)
  - Sentry/Core (8.14.2):
    - SentryPrivate (= 8.14.2)
  - SentryPrivate (8.14.2)
  - SwiftEntryKit (2.0.0)
  - SwiftKeychainWrapper (3.4.0)
  - SwiftyDropbox (8.2.1):
    - Alamofire (~> 5.4.3)
  - TariCommon (0.2.0)
  - Tor (408.12.1):
    - Tor/CTor (= 408.12.1)
  - Tor/Core (408.12.1)
  - Tor/CTor (408.12.1):
    - Tor/Core
  - YatLib (0.3.3):
    - TariCommon (~> 0.2.0)
  - Zip (2.1.2)

DEPENDENCIES:
  - Giphy (= 2.1.22)
  - IPtProxy (= 3.3.0)
  - lottie-ios (= 3.2.3)
  - ReachabilitySwift (= 5.0.0)
  - Sentry (= 8.14.2)
  - SwiftEntryKit (= 2.0.0)
  - SwiftKeychainWrapper (= 3.4.0)
  - SwiftyDropbox (= 8.2.1)
  - TariCommon (= 0.2.0)
  - Tor (= 408.12.1)
  - YatLib (= 0.3.3)
  - Zip (= 2.1.2)

SPEC REPOS:
  trunk:
    - Alamofire
    - Giphy
    - IPtProxy
    - libwebp
    - lottie-ios
    - ReachabilitySwift
    - Sentry
    - SentryPrivate
    - SwiftEntryKit
    - SwiftKeychainWrapper
    - SwiftyDropbox
    - TariCommon
    - Tor
    - YatLib
    - Zip

SPEC CHECKSUMS:
  Alamofire: f3b09a368f1582ab751b3fff5460276e0d2cf5c9
  Giphy: 6757d929878ef45f70ed62a02a2c9a03994e7b6c
  IPtProxy: 2136e276560ffd3a1d017683259f52552fc7c2e5
  libwebp: 60305b2e989864154bd9be3d772730f08fc6a59c
  lottie-ios: c058aeafa76daa4cf64d773554bccc8385d0150e
  ReachabilitySwift: 985039c6f7b23a1da463388634119492ff86c825
  Sentry: e0ea366f95ebb68f26d6030d8c22d6b2e6d23dd0
  SentryPrivate: 949a21fa59872427edc73b524c3ec8456761d97f
  SwiftEntryKit: 61b5fa36f34a97dd8013e48a7345bc4c4720be9a
  SwiftKeychainWrapper: 6fc49fbf7d4a6b0772917acb0e53a1639f6078d6
  SwiftyDropbox: f6c55aae36c4ea944fe6b35f807c19897f78b09b
  TariCommon: 2c8bb97359f59d6b302d2e96c191ff95931da8ac
  Tor: 958cbe68eef90659339403e40e20d7610a9456dd
  YatLib: f56aa60679b20e989a41b6bc92c0081c013b523a
  Zip: b3fef584b147b6e582b2256a9815c897d60ddc67

PODFILE CHECKSUM: b3a73119cfb3dd31e3fc6782649025bc6a640075

COCOAPODS: 1.15.2
