PODS:
  - Alamofire (5.4.4)
  - Base58Swift (2.1.10):
    - BigInt (~> 5.0.0)
  - BigInt (5.0.0)
  - Firebase/CoreOnly (11.9.0):
    - FirebaseCore (~> 11.9.0)
  - Firebase/Messaging (11.9.0):
    - Firebase/CoreOnly
    - FirebaseMessaging (~> 11.9.0)
  - FirebaseCore (11.9.0):
    - FirebaseCoreInternal (~> 11.9.0)
    - GoogleUtilities/Environment (~> 8.0)
    - GoogleUtilities/Logger (~> 8.0)
  - FirebaseCoreInternal (11.9.0):
    - "GoogleUtilities/NSData+zlib (~> 8.0)"
  - FirebaseInstallations (11.9.0):
    - FirebaseCore (~> 11.9.0)
    - GoogleUtilities/Environment (~> 8.0)
    - GoogleUtilities/UserDefaults (~> 8.0)
    - PromisesObjC (~> 2.4)
  - FirebaseMessaging (11.9.0):
    - FirebaseCore (~> 11.9.0)
    - FirebaseInstallations (~> 11.0)
    - GoogleDataTransport (~> 10.0)
    - GoogleUtilities/AppDelegateSwizzler (~> 8.0)
    - GoogleUtilities/Environment (~> 8.0)
    - GoogleUtilities/Reachability (~> 8.0)
    - GoogleUtilities/UserDefaults (~> 8.0)
    - nanopb (~> 3.30910.0)
  - Giphy (2.2.11):
    - libwebp
  - GoogleDataTransport (10.1.0):
    - nanopb (~> 3.30910.0)
    - PromisesObjC (~> 2.4)
  - GoogleUtilities/AppDelegateSwizzler (8.0.2):
    - GoogleUtilities/Environment
    - GoogleUtilities/Logger
    - GoogleUtilities/Network
    - GoogleUtilities/Privacy
  - GoogleUtilities/Environment (8.0.2):
    - GoogleUtilities/Privacy
  - GoogleUtilities/Logger (8.0.2):
    - GoogleUtilities/Environment
    - GoogleUtilities/Privacy
  - GoogleUtilities/Network (8.0.2):
    - GoogleUtilities/Logger
    - "GoogleUtilities/NSData+zlib"
    - GoogleUtilities/Privacy
    - GoogleUtilities/Reachability
  - "GoogleUtilities/NSData+zlib (8.0.2)":
    - GoogleUtilities/Privacy
  - GoogleUtilities/Privacy (8.0.2)
  - GoogleUtilities/Reachability (8.0.2):
    - GoogleUtilities/Logger
    - GoogleUtilities/Privacy
  - GoogleUtilities/UserDefaults (8.0.2):
    - GoogleUtilities/Logger
    - GoogleUtilities/Privacy
  - IPtProxy (3.3.0)
  - libwebp (1.5.0):
    - libwebp/demux (= 1.5.0)
    - libwebp/mux (= 1.5.0)
    - libwebp/sharpyuv (= 1.5.0)
    - libwebp/webp (= 1.5.0)
  - libwebp/demux (1.5.0):
    - libwebp/webp
  - libwebp/mux (1.5.0):
    - libwebp/demux
  - libwebp/sharpyuv (1.5.0)
  - libwebp/webp (1.5.0):
    - libwebp/sharpyuv
  - lottie-ios (3.2.3)
  - nanopb (3.30910.0):
    - nanopb/decode (= 3.30910.0)
    - nanopb/encode (= 3.30910.0)
  - nanopb/decode (3.30910.0)
  - nanopb/encode (3.30910.0)
  - PromisesObjC (2.4.0)
  - ReachabilitySwift (5.0.0)
  - Sentry (8.39.0):
    - Sentry/Core (= 8.39.0)
  - Sentry/Core (8.39.0)
  - SwiftEntryKit (2.0.0)
  - SwiftKeychainWrapper (3.4.0)
  - SwiftyDropbox (8.2.1):
    - Alamofire (~> 5.4.3)
  - TariCommon (0.2.0)
  - Tor (408.12.2):
    - Tor/CTor (= 408.12.2)
  - Tor/Core (408.12.2)
  - Tor/CTor (408.12.2):
    - Tor/Core
  - YatLib (0.4.1):
    - TariCommon (~> 0.2.0)
  - Zip (2.1.2)

DEPENDENCIES:
  - Base58Swift (= 2.1.10)
  - Firebase/Messaging
  - Giphy (= 2.2.11)
  - IPtProxy (= 3.3.0)
  - lottie-ios (= 3.2.3)
  - ReachabilitySwift (= 5.0.0)
  - Sentry (= 8.39.0)
  - SwiftEntryKit (= 2.0.0)
  - SwiftKeychainWrapper (= 3.4.0)
  - SwiftyDropbox (= 8.2.1)
  - TariCommon (= 0.2.0)
  - Tor (= 408.12.2)
  - YatLib (= 0.4.1)
  - Zip (= 2.1.2)

SPEC REPOS:
  trunk:
    - Alamofire
    - Base58Swift
    - BigInt
    - Firebase
    - FirebaseCore
    - FirebaseCoreInternal
    - FirebaseInstallations
    - FirebaseMessaging
    - Giphy
    - GoogleDataTransport
    - GoogleUtilities
    - IPtProxy
    - libwebp
    - lottie-ios
    - nanopb
    - PromisesObjC
    - ReachabilitySwift
    - Sentry
    - SwiftEntryKit
    - SwiftKeychainWrapper
    - SwiftyDropbox
    - TariCommon
    - Tor
    - YatLib
    - Zip

SPEC CHECKSUMS:
  Alamofire: f3b09a368f1582ab751b3fff5460276e0d2cf5c9
  Base58Swift: 53d551f0b33d9478fa63b3445e453a772d6b31a7
  BigInt: 74b4d88367b0e819d9f77393549226d36faeb0d8
  Firebase: 819b973f669bc894c85e181f814171e9d4440b29
  FirebaseCore: 7cfcf7e8b33985c06478fd2b96e2f7101eb61a1c
  FirebaseCoreInternal: 154779013b85b4b290fdba38414df475f42e3096
  FirebaseInstallations: c76d4931a485fc0cc2dc1d62d3ed0369846ea4b8
  FirebaseMessaging: 07e196b68580e68104df5c1c1b09ac26d04b24ea
  Giphy: faa396040488ce71a33c4c090a2fa71f868e389e
  GoogleDataTransport: aae35b7ea0c09004c3797d53c8c41f66f219d6a7
  GoogleUtilities: 26a3abef001b6533cf678d3eb38fd3f614b7872d
  IPtProxy: 2136e276560ffd3a1d017683259f52552fc7c2e5
  libwebp: 02b23773aedb6ff1fd38cec7a77b81414c6842a8
  lottie-ios: c058aeafa76daa4cf64d773554bccc8385d0150e
  nanopb: fad817b59e0457d11a5dfbde799381cd727c1275
  PromisesObjC: f5707f49cb48b9636751c5b2e7d227e43fba9f47
  ReachabilitySwift: 985039c6f7b23a1da463388634119492ff86c825
  Sentry: e92ec378be400dbb7f4065ff152d0f362ba8b4ba
  SwiftEntryKit: 61b5fa36f34a97dd8013e48a7345bc4c4720be9a
  SwiftKeychainWrapper: 6fc49fbf7d4a6b0772917acb0e53a1639f6078d6
  SwiftyDropbox: f6c55aae36c4ea944fe6b35f807c19897f78b09b
  TariCommon: 2c8bb97359f59d6b302d2e96c191ff95931da8ac
  Tor: 19907fc430953434a233c7532166d6409b9d509b
  YatLib: dda2cfe9e47790f27a13074ea815eac19a919043
  Zip: b3fef584b147b6e582b2256a9815c897d60ddc67

PODFILE CHECKSUM: e9d02279d08e59d298d1e0b0de417f0cf1cb0d22

COCOAPODS: 1.15.2
